
Microsoft Visual Studio Solution File, Format Version 12.00
# Visual Studio Version 16
VisualStudioVersion = 16.0.30523.141
MinimumVisualStudioVersion = 10.0.40219.1
Project("{9A19103F-16F7-4668-BE54-9A1E7A4F7556}") = "Entity", "Entity\Entity.csproj", "{4B269BA9-7BAF-4A2D-8125-3CDB15BC677E}"
EndProject
Project("{9A19103F-16F7-4668-BE54-9A1E7A4F7556}") = "DAL", "DAL\DAL.csproj", "{9606E933-281E-4CB3-AB70-224E86302B8C}"
EndProject
Project("{9A19103F-16F7-4668-BE54-9A1E7A4F7556}") = "BL", "BL\BL.csproj", "{5109CF41-5D84-41AA-A6FE-049340166D64}"
EndProject
Project("{9A19103F-16F7-4668-BE54-9A1E7A4F7556}") = "CateringEFCore", "CateringEFCore\CateringEFCore.csproj", "{0273D1DB-CAA7-4038-AE46-779B6330DF57}"
EndProject
Global
	GlobalSection(SolutionConfigurationPlatforms) = preSolution
		Debug|Any CPU = Debug|Any CPU
		Release|Any CPU = Release|Any CPU
	EndGlobalSection
	GlobalSection(ProjectConfigurationPlatforms) = postSolution
		{4B269BA9-7BAF-4A2D-8125-3CDB15BC677E}.Debug|Any CPU.ActiveCfg = Debug|Any CPU
		{4B269BA9-7BAF-4A2D-8125-3CDB15BC677E}.Debug|Any CPU.Build.0 = Debug|Any CPU
		{4B269BA9-7BAF-4A2D-8125-3CDB15BC677E}.Release|Any CPU.ActiveCfg = Release|Any CPU
		{4B269BA9-7BAF-4A2D-8125-3CDB15BC677E}.Release|Any CPU.Build.0 = Release|Any CPU
		{9606E933-281E-4CB3-AB70-224E86302B8C}.Debug|Any CPU.ActiveCfg = Debug|Any CPU
		{9606E933-281E-4CB3-AB70-224E86302B8C}.Debug|Any CPU.Build.0 = Debug|Any CPU
		{9606E933-281E-4CB3-AB70-224E86302B8C}.Release|Any CPU.ActiveCfg = Release|Any CPU
		{9606E933-281E-4CB3-AB70-224E86302B8C}.Release|Any CPU.Build.0 = Release|Any CPU
		{5109CF41-5D84-41AA-A6FE-049340166D64}.Debug|Any CPU.ActiveCfg = Debug|Any CPU
		{5109CF41-5D84-41AA-A6FE-049340166D64}.Debug|Any CPU.Build.0 = Debug|Any CPU
		{5109CF41-5D84-41AA-A6FE-049340166D64}.Release|Any CPU.ActiveCfg = Release|Any CPU
		{5109CF41-5D84-41AA-A6FE-049340166D64}.Release|Any CPU.Build.0 = Release|Any CPU
		{0273D1DB-CAA7-4038-AE46-779B6330DF57}.Debug|Any CPU.ActiveCfg = Debug|Any CPU
		{0273D1DB-CAA7-4038-AE46-779B6330DF57}.Debug|Any CPU.Build.0 = Debug|Any CPU
		{0273D1DB-CAA7-4038-AE46-779B6330DF57}.Release|Any CPU.ActiveCfg = Release|Any CPU
		{0273D1DB-CAA7-4038-AE46-779B6330DF57}.Release|Any CPU.Build.0 = Release|Any CPU
	EndGlobalSection
	GlobalSection(SolutionProperties) = preSolution
		HideSolutionNode = FALSE
	EndGlobalSection
	GlobalSection(ExtensibilityGlobals) = postSolution
		SolutionGuid = {2E77D461-916E-4F1B-8A10-B1B4907C79A1}
	EndGlobalSection
EndGlobal
